[{<<"common">>,
  {git,"https://github.com/joq62/common.git",
       {ref,"49bb6e0549027bee1d4e96a7bf77d2789c779bfb"}},
  0},
 {<<"controller">>,
  {git,"https://github.com/joq62/controller.git",
       {ref,"7946f71fa17d7c3f700df27e514a5b33283a7264"}},
  0},
 {<<"nodelog">>,
  {git,"https://github.com/joq62/nodelog.git",
       {ref,"d34d1ba75205b84987de16959058d3788da6d9ea"}},
  0},
 {<<"sd">>,
  {git,"https://github.com/joq62/sd.git",
       {ref,"4266a1f5d1013d076b050b4dfb2a0981d5ed4b69"}},
  0}].
